// !$*UTF8*$!
{
	archiveVersion = 1;
	classes = {
	};
	objectVersion = 46;
	objects = {

/* Begin PBXBuildFile section */
		51C0532E1A03FC8000A1C15C /* main.m in Sources */ = {isa = PBXBuildFile; fileRef = 51C0532D1A03FC8000A1C15C /* main.m */; };
		51C053391A03FC8000A1C15C /* Images.xcassets in Resources */ = {isa = PBXBuildFile; fileRef = 51C053381A03FC8000A1C15C /* Images.xcassets */; };
		51C0533C1A03FC8000A1C15C /* LaunchScreen.xib in Resources */ = {isa = PBXBuildFile; fileRef = 51C0533A1A03FC8000A1C15C /* LaunchScreen.xib */; };
		51C053481A03FC8000A1C15C /* ColumbusTests.m in Sources */ = {isa = PBXBuildFile; fileRef = 51C053471A03FC8000A1C15C /* ColumbusTests.m */; };
		51C053551A03FCAD00A1C15C /* AppDelegate.m in Sources */ = {isa = PBXBuildFile; fileRef = 51C053521A03FCAD00A1C15C /* AppDelegate.m */; };
		51C053561A03FCAD00A1C15C /* MainViewController.m in Sources */ = {isa = PBXBuildFile; fileRef = 51C053541A03FCAD00A1C15C /* MainViewController.m */; };
		51CF87261A041ABA001E612E /* Merzedes Benz World.gpx in Resources */ = {isa = PBXBuildFile; fileRef = 51CF87251A041ABA001E612E /* Merzedes Benz World.gpx */; };
		51CF87291A042B05001E612E /* KarteViewController.m in Sources */ = {isa = PBXBuildFile; fileRef = 51CF87281A042B05001E612E /* KarteViewController.m */; };
		51CF872F1A043352001E612E /* DetailViewController.m in Sources */ = {isa = PBXBuildFile; fileRef = 51CF872E1A043352001E612E /* DetailViewController.m */; };
		51CF87321A044342001E612E /* Institution.m in Sources */ = {isa = PBXBuildFile; fileRef = 51CF87311A044342001E612E /* Institution.m */; };
		51CF87351A044DA5001E612E /* UIImage+ImageEffects.m in Sources */ = {isa = PBXBuildFile; fileRef = 51CF87341A044DA5001E612E /* UIImage+ImageEffects.m */; };
		51CF873A1A04CD35001E612E /* InstitutionOverviewView.m in Sources */ = {isa = PBXBuildFile; fileRef = 51CF87391A04CD35001E612E /* InstitutionOverviewView.m */; };
		51CF873D1A04D7D1001E612E /* SettingsViewController.m in Sources */ = {isa = PBXBuildFile; fileRef = 51CF873C1A04D7D1001E612E /* SettingsViewController.m */; };
		51CF87401A04D7DB001E612E /* CircularSliderView.m in Sources */ = {isa = PBXBuildFile; fileRef = 51CF873F1A04D7DB001E612E /* CircularSliderView.m */; };
		51CF87431A04E9A6001E612E /* a.png in Resources */ = {isa = PBXBuildFile; fileRef = 51CF87411A04E9A6001E612E /* a.png */; };
		51CF87441A04E9A6001E612E /* b.png in Resources */ = {isa = PBXBuildFile; fileRef = 51CF87421A04E9A6001E612E /* b.png */; };
		51CF87471A04F1F9001E612E /* MenuView.m in Sources */ = {isa = PBXBuildFile; fileRef = 51CF87461A04F1F9001E612E /* MenuView.m */; };
		51CF874F1A0516E2001E612E /* LocalDataBase.m in Sources */ = {isa = PBXBuildFile; fileRef = 51CF874E1A0516E2001E612E /* LocalDataBase.m */; };
		51CF894C1A0520E9001E612E /* CoreGraphics.framework in Frameworks */ = {isa = PBXBuildFile; fileRef = 51CF894B1A0520E9001E612E /* CoreGraphics.framework */; };
		51CF894E1A0520F6001E612E /* CoreLocation.framework in Frameworks */ = {isa = PBXBuildFile; fileRef = 51CF894D1A0520F6001E612E /* CoreLocation.framework */; };
		51CF89501A0520FB001E612E /* Foundation.framework in Frameworks */ = {isa = PBXBuildFile; fileRef = 51CF894F1A0520FB001E612E /* Foundation.framework */; };
		51CF89521A052101001E612E /* QuartzCore.framework in Frameworks */ = {isa = PBXBuildFile; fileRef = 51CF89511A052101001E612E /* QuartzCore.framework */; };
		51CF89541A052106001E612E /* UIKit.framework in Frameworks */ = {isa = PBXBuildFile; fileRef = 51CF89531A052106001E612E /* UIKit.framework */; };
		51CF89561A05210E001E612E /* libsqlite3.dylib in Frameworks */ = {isa = PBXBuildFile; fileRef = 51CF89551A05210E001E612E /* libsqlite3.dylib */; };
		51CF89581A052115001E612E /* libz.dylib in Frameworks */ = {isa = PBXBuildFile; fileRef = 51CF89571A052115001E612E /* libz.dylib */; };
		51CF895E1A05377F001E612E /* MBFingerTipWindow.m in Sources */ = {isa = PBXBuildFile; fileRef = 51CF895D1A05377F001E612E /* MBFingerTipWindow.m */; };
		51CF89611A0538E6001E612E /* AktuellsteListe.m in Sources */ = {isa = PBXBuildFile; fileRef = 51CF89601A0538E6001E612E /* AktuellsteListe.m */; };
		51CF89671A05660E001E612E /* IP.m in Sources */ = {isa = PBXBuildFile; fileRef = 51CF89661A05660E001E612E /* IP.m */; };
		51CF89A21A0567EE001E612E /* libMapbox.a in Frameworks */ = {isa = PBXBuildFile; fileRef = 51CF89A11A0567EE001E612E /* libMapbox.a */; };
		51CF89A41A0567F2001E612E /* Mapbox.bundle in Resources */ = {isa = PBXBuildFile; fileRef = 51CF89A31A0567F2001E612E /* Mapbox.bundle */; };
		51D4D2251A06204C003C6014 /* Widdewiddewiddbummbumm.mp3 in Resources */ = {isa = PBXBuildFile; fileRef = 51D4D2241A06204C003C6014 /* Widdewiddewiddbummbumm.mp3 */; };
/* End PBXBuildFile section */

/* Begin PBXContainerItemProxy section */
		51C053421A03FC8000A1C15C /* PBXContainerItemProxy */ = {
			isa = PBXContainerItemProxy;
			containerPortal = 51C053201A03FC8000A1C15C /* Project object */;
			proxyType = 1;
			remoteGlobalIDString = 51C053271A03FC8000A1C15C;
			remoteInfo = Columbus;
		};
/* End PBXContainerItemProxy section */

/* Begin PBXFileReference section */
		51C053281A03FC8000A1C15C /* Columbus.app */ = {isa = PBXFileReference; explicitFileType = wrapper.application; includeInIndex = 0; path = Columbus.app; sourceTree = BUILT_PRODUCTS_DIR; };
		51C0532C1A03FC8000A1C15C /* Info.plist */ = {isa = PBXFileReference; lastKnownFileType = text.plist.xml; path = Info.plist; sourceTree = "<group>"; };
		51C0532D1A03FC8000A1C15C /* main.m */ = {isa = PBXFileReference; lastKnownFileType = sourcecode.c.objc; path = main.m; sourceTree = "<group>"; };
		51C053381A03FC8000A1C15C /* Images.xcassets */ = {isa = PBXFileReference; lastKnownFileType = folder.assetcatalog; path = Images.xcassets; sourceTree = "<group>"; };
		51C0533B1A03FC8000A1C15C /* Base */ = {isa = PBXFileReference; lastKnownFileType = file.xib; name = Base; path = Base.lproj/LaunchScreen.xib; sourceTree = "<group>"; };
		51C053411A03FC8000A1C15C /* ColumbusTests.xctest */ = {isa = PBXFileReference; explicitFileType = wrapper.cfbundle; includeInIndex = 0; path = ColumbusTests.xctest; sourceTree = BUILT_PRODUCTS_DIR; };
		51C053461A03FC8000A1C15C /* Info.plist */ = {isa = PBXFileReference; lastKnownFileType = text.plist.xml; path = Info.plist; sourceTree = "<group>"; };
		51C053471A03FC8000A1C15C /* ColumbusTests.m */ = {isa = PBXFileReference; lastKnownFileType = sourcecode.c.objc; path = ColumbusTests.m; sourceTree = "<group>"; };
		51C053511A03FCAD00A1C15C /* AppDelegate.h */ = {isa = PBXFileReference; fileEncoding = 4; lastKnownFileType = sourcecode.c.h; path = AppDelegate.h; sourceTree = "<group>"; };
		51C053521A03FCAD00A1C15C /* AppDelegate.m */ = {isa = PBXFileReference; fileEncoding = 4; lastKnownFileType = sourcecode.c.objc; path = AppDelegate.m; sourceTree = "<group>"; wrapsLines = 1; };
		51C053531A03FCAD00A1C15C /* MainViewController.h */ = {isa = PBXFileReference; fileEncoding = 4; lastKnownFileType = sourcecode.c.h; path = MainViewController.h; sourceTree = "<group>"; };
		51C053541A03FCAD00A1C15C /* MainViewController.m */ = {isa = PBXFileReference; fileEncoding = 4; lastKnownFileType = sourcecode.c.objc; path = MainViewController.m; sourceTree = "<group>"; };
		51CF87251A041ABA001E612E /* Merzedes Benz World.gpx */ = {isa = PBXFileReference; fileEncoding = 4; lastKnownFileType = text.xml; path = "Merzedes Benz World.gpx"; sourceTree = "<group>"; };
		51CF87271A042B05001E612E /* KarteViewController.h */ = {isa = PBXFileReference; fileEncoding = 4; lastKnownFileType = sourcecode.c.h; path = KarteViewController.h; sourceTree = "<group>"; };
		51CF87281A042B05001E612E /* KarteViewController.m */ = {isa = PBXFileReference; fileEncoding = 4; lastKnownFileType = sourcecode.c.objc; path = KarteViewController.m; sourceTree = "<group>"; };
		51CF872D1A043352001E612E /* DetailViewController.h */ = {isa = PBXFileReference; fileEncoding = 4; lastKnownFileType = sourcecode.c.h; path = DetailViewController.h; sourceTree = "<group>"; };
		51CF872E1A043352001E612E /* DetailViewController.m */ = {isa = PBXFileReference; fileEncoding = 4; lastKnownFileType = sourcecode.c.objc; path = DetailViewController.m; sourceTree = "<group>"; };
		51CF87301A044342001E612E /* Institution.h */ = {isa = PBXFileReference; fileEncoding = 4; lastKnownFileType = sourcecode.c.h; path = Institution.h; sourceTree = "<group>"; };
		51CF87311A044342001E612E /* Institution.m */ = {isa = PBXFileReference; fileEncoding = 4; lastKnownFileType = sourcecode.c.objc; path = Institution.m; sourceTree = "<group>"; };
		51CF87331A044DA5001E612E /* UIImage+ImageEffects.h */ = {isa = PBXFileReference; fileEncoding = 4; lastKnownFileType = sourcecode.c.h; path = "UIImage+ImageEffects.h"; sourceTree = "<group>"; };
		51CF87341A044DA5001E612E /* UIImage+ImageEffects.m */ = {isa = PBXFileReference; fileEncoding = 4; lastKnownFileType = sourcecode.c.objc; path = "UIImage+ImageEffects.m"; sourceTree = "<group>"; };
		51CF87381A04CD35001E612E /* InstitutionOverviewView.h */ = {isa = PBXFileReference; fileEncoding = 4; lastKnownFileType = sourcecode.c.h; path = InstitutionOverviewView.h; sourceTree = "<group>"; };
		51CF87391A04CD35001E612E /* InstitutionOverviewView.m */ = {isa = PBXFileReference; fileEncoding = 4; lastKnownFileType = sourcecode.c.objc; path = InstitutionOverviewView.m; sourceTree = "<group>"; };
		51CF873B1A04D7D1001E612E /* SettingsViewController.h */ = {isa = PBXFileReference; fileEncoding = 4; lastKnownFileType = sourcecode.c.h; path = SettingsViewController.h; sourceTree = "<group>"; };
		51CF873C1A04D7D1001E612E /* SettingsViewController.m */ = {isa = PBXFileReference; fileEncoding = 4; lastKnownFileType = sourcecode.c.objc; path = SettingsViewController.m; sourceTree = "<group>"; };
		51CF873E1A04D7DB001E612E /* CircularSliderView.h */ = {isa = PBXFileReference; fileEncoding = 4; lastKnownFileType = sourcecode.c.h; path = CircularSliderView.h; sourceTree = "<group>"; };
		51CF873F1A04D7DB001E612E /* CircularSliderView.m */ = {isa = PBXFileReference; fileEncoding = 4; lastKnownFileType = sourcecode.c.objc; path = CircularSliderView.m; sourceTree = "<group>"; };
		51CF87411A04E9A6001E612E /* a.png */ = {isa = PBXFileReference; lastKnownFileType = image.png; path = a.png; sourceTree = "<group>"; };
		51CF87421A04E9A6001E612E /* b.png */ = {isa = PBXFileReference; lastKnownFileType = image.png; path = b.png; sourceTree = "<group>"; };
		51CF87451A04F1F9001E612E /* MenuView.h */ = {isa = PBXFileReference; fileEncoding = 4; lastKnownFileType = sourcecode.c.h; path = MenuView.h; sourceTree = "<group>"; };
		51CF87461A04F1F9001E612E /* MenuView.m */ = {isa = PBXFileReference; fileEncoding = 4; lastKnownFileType = sourcecode.c.objc; path = MenuView.m; sourceTree = "<group>"; };
		51CF874D1A0516E2001E612E /* LocalDataBase.h */ = {isa = PBXFileReference; fileEncoding = 4; lastKnownFileType = sourcecode.c.h; path = LocalDataBase.h; sourceTree = "<group>"; };
		51CF874E1A0516E2001E612E /* LocalDataBase.m */ = {isa = PBXFileReference; fileEncoding = 4; lastKnownFileType = sourcecode.c.objc; path = LocalDataBase.m; sourceTree = "<group>"; };
		51CF894B1A0520E9001E612E /* CoreGraphics.framework */ = {isa = PBXFileReference; lastKnownFileType = wrapper.framework; name = CoreGraphics.framework; path = System/Library/Frameworks/CoreGraphics.framework; sourceTree = SDKROOT; };
		51CF894D1A0520F6001E612E /* CoreLocation.framework */ = {isa = PBXFileReference; lastKnownFileType = wrapper.framework; name = CoreLocation.framework; path = System/Library/Frameworks/CoreLocation.framework; sourceTree = SDKROOT; };
		51CF894F1A0520FB001E612E /* Foundation.framework */ = {isa = PBXFileReference; lastKnownFileType = wrapper.framework; name = Foundation.framework; path = System/Library/Frameworks/Foundation.framework; sourceTree = SDKROOT; };
		51CF89511A052101001E612E /* QuartzCore.framework */ = {isa = PBXFileReference; lastKnownFileType = wrapper.framework; name = QuartzCore.framework; path = System/Library/Frameworks/QuartzCore.framework; sourceTree = SDKROOT; };
		51CF89531A052106001E612E /* UIKit.framework */ = {isa = PBXFileReference; lastKnownFileType = wrapper.framework; name = UIKit.framework; path = System/Library/Frameworks/UIKit.framework; sourceTree = SDKROOT; };
		51CF89551A05210E001E612E /* libsqlite3.dylib */ = {isa = PBXFileReference; lastKnownFileType = "compiled.mach-o.dylib"; name = libsqlite3.dylib; path = usr/lib/libsqlite3.dylib; sourceTree = SDKROOT; };
		51CF89571A052115001E612E /* libz.dylib */ = {isa = PBXFileReference; lastKnownFileType = "compiled.mach-o.dylib"; name = libz.dylib; path = usr/lib/libz.dylib; sourceTree = SDKROOT; };
		51CF895C1A05377F001E612E /* MBFingerTipWindow.h */ = {isa = PBXFileReference; fileEncoding = 4; lastKnownFileType = sourcecode.c.h; path = MBFingerTipWindow.h; sourceTree = "<group>"; };
		51CF895D1A05377F001E612E /* MBFingerTipWindow.m */ = {isa = PBXFileReference; fileEncoding = 4; lastKnownFileType = sourcecode.c.objc; path = MBFingerTipWindow.m; sourceTree = "<group>"; };
		51CF895F1A0538E6001E612E /* AktuellsteListe.h */ = {isa = PBXFileReference; fileEncoding = 4; lastKnownFileType = sourcecode.c.h; path = AktuellsteListe.h; sourceTree = "<group>"; };
		51CF89601A0538E6001E612E /* AktuellsteListe.m */ = {isa = PBXFileReference; fileEncoding = 4; lastKnownFileType = sourcecode.c.objc; path = AktuellsteListe.m; sourceTree = "<group>"; };
		51CF89651A05660E001E612E /* IP.h */ = {isa = PBXFileReference; fileEncoding = 4; lastKnownFileType = sourcecode.c.h; path = IP.h; sourceTree = "<group>"; };
		51CF89661A05660E001E612E /* IP.m */ = {isa = PBXFileReference; fileEncoding = 4; lastKnownFileType = sourcecode.c.objc; path = IP.m; sourceTree = "<group>"; };
		51CF89691A0567E9001E612E /* Mapbox.h */ = {isa = PBXFileReference; fileEncoding = 4; lastKnownFileType = sourcecode.c.h; path = Mapbox.h; sourceTree = "<group>"; };
		51CF896A1A0567E9001E612E /* RMAbstractMercatorTileSource.h */ = {isa = PBXFileReference; fileEncoding = 4; lastKnownFileType = sourcecode.c.h; path = RMAbstractMercatorTileSource.h; sourceTree = "<group>"; };
		51CF896B1A0567E9001E612E /* RMAbstractWebMapSource.h */ = {isa = PBXFileReference; fileEncoding = 4; lastKnownFileType = sourcecode.c.h; path = RMAbstractWebMapSource.h; sourceTree = "<group>"; };
		51CF896C1A0567E9001E612E /* RMAnnotation.h */ = {isa = PBXFileReference; fileEncoding = 4; lastKnownFileType = sourcecode.c.h; path = RMAnnotation.h; sourceTree = "<group>"; };
		51CF896D1A0567E9001E612E /* RMAttributionViewController.h */ = {isa = PBXFileReference; fileEncoding = 4; lastKnownFileType = sourcecode.c.h; path = RMAttributionViewController.h; sourceTree = "<group>"; };
		51CF896E1A0567E9001E612E /* RMBingSource.h */ = {isa = PBXFileReference; fileEncoding = 4; lastKnownFileType = sourcecode.c.h; path = RMBingSource.h; sourceTree = "<group>"; };
		51CF896F1A0567E9001E612E /* RMCacheObject.h */ = {isa = PBXFileReference; fileEncoding = 4; lastKnownFileType = sourcecode.c.h; path = RMCacheObject.h; sourceTree = "<group>"; };
		51CF89701A0567E9001E612E /* RMCircle.h */ = {isa = PBXFileReference; fileEncoding = 4; lastKnownFileType = sourcecode.c.h; path = RMCircle.h; sourceTree = "<group>"; };
		51CF89711A0567E9001E612E /* RMCircleAnnotation.h */ = {isa = PBXFileReference; fileEncoding = 4; lastKnownFileType = sourcecode.c.h; path = RMCircleAnnotation.h; sourceTree = "<group>"; };
		51CF89721A0567E9001E612E /* RMCompositeSource.h */ = {isa = PBXFileReference; fileEncoding = 4; lastKnownFileType = sourcecode.c.h; path = RMCompositeSource.h; sourceTree = "<group>"; };
		51CF89731A0567E9001E612E /* RMConfiguration.h */ = {isa = PBXFileReference; fileEncoding = 4; lastKnownFileType = sourcecode.c.h; path = RMConfiguration.h; sourceTree = "<group>"; };
		51CF89741A0567E9001E612E /* RMCoordinateGridSource.h */ = {isa = PBXFileReference; fileEncoding = 4; lastKnownFileType = sourcecode.c.h; path = RMCoordinateGridSource.h; sourceTree = "<group>"; };
		51CF89751A0567E9001E612E /* RMDatabaseCache.h */ = {isa = PBXFileReference; fileEncoding = 4; lastKnownFileType = sourcecode.c.h; path = RMDatabaseCache.h; sourceTree = "<group>"; };
		51CF89761A0567E9001E612E /* RMDBMapSource.h */ = {isa = PBXFileReference; fileEncoding = 4; lastKnownFileType = sourcecode.c.h; path = RMDBMapSource.h; sourceTree = "<group>"; };
		51CF89771A0567E9001E612E /* RMFoundation.h */ = {isa = PBXFileReference; fileEncoding = 4; lastKnownFileType = sourcecode.c.h; path = RMFoundation.h; sourceTree = "<group>"; };
		51CF89781A0567E9001E612E /* RMFractalTileProjection.h */ = {isa = PBXFileReference; fileEncoding = 4; lastKnownFileType = sourcecode.c.h; path = RMFractalTileProjection.h; sourceTree = "<group>"; };
		51CF89791A0567E9001E612E /* RMGenericMapSource.h */ = {isa = PBXFileReference; fileEncoding = 4; lastKnownFileType = sourcecode.c.h; path = RMGenericMapSource.h; sourceTree = "<group>"; };
		51CF897A1A0567E9001E612E /* RMGlobalConstants.h */ = {isa = PBXFileReference; fileEncoding = 4; lastKnownFileType = sourcecode.c.h; path = RMGlobalConstants.h; sourceTree = "<group>"; };
		51CF897B1A0567E9001E612E /* RMGreatCircleAnnotation.h */ = {isa = PBXFileReference; fileEncoding = 4; lastKnownFileType = sourcecode.c.h; path = RMGreatCircleAnnotation.h; sourceTree = "<group>"; };
		51CF897C1A0567E9001E612E /* RMInteractiveSource.h */ = {isa = PBXFileReference; fileEncoding = 4; lastKnownFileType = sourcecode.c.h; path = RMInteractiveSource.h; sourceTree = "<group>"; };
		51CF897D1A0567E9001E612E /* RMLoadingTileView.h */ = {isa = PBXFileReference; fileEncoding = 4; lastKnownFileType = sourcecode.c.h; path = RMLoadingTileView.h; sourceTree = "<group>"; };
		51CF897E1A0567E9001E612E /* RMMapboxSource.h */ = {isa = PBXFileReference; fileEncoding = 4; lastKnownFileType = sourcecode.c.h; path = RMMapboxSource.h; sourceTree = "<group>"; };
		51CF897F1A0567E9001E612E /* RMMapLayer.h */ = {isa = PBXFileReference; fileEncoding = 4; lastKnownFileType = sourcecode.c.h; path = RMMapLayer.h; sourceTree = "<group>"; };
		51CF89801A0567E9001E612E /* RMMapOverlayView.h */ = {isa = PBXFileReference; fileEncoding = 4; lastKnownFileType = sourcecode.c.h; path = RMMapOverlayView.h; sourceTree = "<group>"; };
		51CF89811A0567E9001E612E /* RMMapQuestOpenAerialSource.h */ = {isa = PBXFileReference; fileEncoding = 4; lastKnownFileType = sourcecode.c.h; path = RMMapQuestOpenAerialSource.h; sourceTree = "<group>"; };
		51CF89821A0567E9001E612E /* RMMapQuestOSMSource.h */ = {isa = PBXFileReference; fileEncoding = 4; lastKnownFileType = sourcecode.c.h; path = RMMapQuestOSMSource.h; sourceTree = "<group>"; };
		51CF89831A0567E9001E612E /* RMMapScrollView.h */ = {isa = PBXFileReference; fileEncoding = 4; lastKnownFileType = sourcecode.c.h; path = RMMapScrollView.h; sourceTree = "<group>"; };
		51CF89841A0567E9001E612E /* RMMapTiledLayerView.h */ = {isa = PBXFileReference; fileEncoding = 4; lastKnownFileType = sourcecode.c.h; path = RMMapTiledLayerView.h; sourceTree = "<group>"; };
		51CF89851A0567E9001E612E /* RMMapView.h */ = {isa = PBXFileReference; fileEncoding = 4; lastKnownFileType = sourcecode.c.h; path = RMMapView.h; sourceTree = "<group>"; };
		51CF89861A0567E9001E612E /* RMMapViewDelegate.h */ = {isa = PBXFileReference; fileEncoding = 4; lastKnownFileType = sourcecode.c.h; path = RMMapViewDelegate.h; sourceTree = "<group>"; };
		51CF89871A0567E9001E612E /* RMMarker.h */ = {isa = PBXFileReference; fileEncoding = 4; lastKnownFileType = sourcecode.c.h; path = RMMarker.h; sourceTree = "<group>"; };
		51CF89881A0567E9001E612E /* RMMBTilesSource.h */ = {isa = PBXFileReference; fileEncoding = 4; lastKnownFileType = sourcecode.c.h; path = RMMBTilesSource.h; sourceTree = "<group>"; };
		51CF89891A0567E9001E612E /* RMMemoryCache.h */ = {isa = PBXFileReference; fileEncoding = 4; lastKnownFileType = sourcecode.c.h; path = RMMemoryCache.h; sourceTree = "<group>"; };
		51CF898A1A0567E9001E612E /* RMNotifications.h */ = {isa = PBXFileReference; fileEncoding = 4; lastKnownFileType = sourcecode.c.h; path = RMNotifications.h; sourceTree = "<group>"; };
		51CF898B1A0567E9001E612E /* RMOpenCycleMapSource.h */ = {isa = PBXFileReference; fileEncoding = 4; lastKnownFileType = sourcecode.c.h; path = RMOpenCycleMapSource.h; sourceTree = "<group>"; };
		51CF898C1A0567E9001E612E /* RMOpenSeaMapLayer.h */ = {isa = PBXFileReference; fileEncoding = 4; lastKnownFileType = sourcecode.c.h; path = RMOpenSeaMapLayer.h; sourceTree = "<group>"; };
		51CF898D1A0567E9001E612E /* RMOpenSeaMapSource.h */ = {isa = PBXFileReference; fileEncoding = 4; lastKnownFileType = sourcecode.c.h; path = RMOpenSeaMapSource.h; sourceTree = "<group>"; };
		51CF898E1A0567E9001E612E /* RMOpenStreetMapSource.h */ = {isa = PBXFileReference; fileEncoding = 4; lastKnownFileType = sourcecode.c.h; path = RMOpenStreetMapSource.h; sourceTree = "<group>"; };
		51CF898F1A0567E9001E612E /* RMPixel.h */ = {isa = PBXFileReference; fileEncoding = 4; lastKnownFileType = sourcecode.c.h; path = RMPixel.h; sourceTree = "<group>"; };
		51CF89901A0567E9001E612E /* RMPointAnnotation.h */ = {isa = PBXFileReference; fileEncoding = 4; lastKnownFileType = sourcecode.c.h; path = RMPointAnnotation.h; sourceTree = "<group>"; };
		51CF89911A0567E9001E612E /* RMPolygonAnnotation.h */ = {isa = PBXFileReference; fileEncoding = 4; lastKnownFileType = sourcecode.c.h; path = RMPolygonAnnotation.h; sourceTree = "<group>"; };
		51CF89921A0567E9001E612E /* RMPolylineAnnotation.h */ = {isa = PBXFileReference; fileEncoding = 4; lastKnownFileType = sourcecode.c.h; path = RMPolylineAnnotation.h; sourceTree = "<group>"; };
		51CF89931A0567E9001E612E /* RMProjection.h */ = {isa = PBXFileReference; fileEncoding = 4; lastKnownFileType = sourcecode.c.h; path = RMProjection.h; sourceTree = "<group>"; };
		51CF89941A0567E9001E612E /* RMQuadTree.h */ = {isa = PBXFileReference; fileEncoding = 4; lastKnownFileType = sourcecode.c.h; path = RMQuadTree.h; sourceTree = "<group>"; };
		51CF89951A0567E9001E612E /* RMShape.h */ = {isa = PBXFileReference; fileEncoding = 4; lastKnownFileType = sourcecode.c.h; path = RMShape.h; sourceTree = "<group>"; };
		51CF89961A0567E9001E612E /* RMShapeAnnotation.h */ = {isa = PBXFileReference; fileEncoding = 4; lastKnownFileType = sourcecode.c.h; path = RMShapeAnnotation.h; sourceTree = "<group>"; };
		51CF89971A0567E9001E612E /* RMStaticMapView.h */ = {isa = PBXFileReference; fileEncoding = 4; lastKnownFileType = sourcecode.c.h; path = RMStaticMapView.h; sourceTree = "<group>"; };
		51CF89981A0567E9001E612E /* RMTile.h */ = {isa = PBXFileReference; fileEncoding = 4; lastKnownFileType = sourcecode.c.h; path = RMTile.h; sourceTree = "<group>"; };
		51CF89991A0567E9001E612E /* RMTileCache.h */ = {isa = PBXFileReference; fileEncoding = 4; lastKnownFileType = sourcecode.c.h; path = RMTileCache.h; sourceTree = "<group>"; };
		51CF899A1A0567E9001E612E /* RMTileCacheDownloadOperation.h */ = {isa = PBXFileReference; fileEncoding = 4; lastKnownFileType = sourcecode.c.h; path = RMTileCacheDownloadOperation.h; sourceTree = "<group>"; };
		51CF899B1A0567E9001E612E /* RMTileImage.h */ = {isa = PBXFileReference; fileEncoding = 4; lastKnownFileType = sourcecode.c.h; path = RMTileImage.h; sourceTree = "<group>"; };
		51CF899C1A0567E9001E612E /* RMTileMillSource.h */ = {isa = PBXFileReference; fileEncoding = 4; lastKnownFileType = sourcecode.c.h; path = RMTileMillSource.h; sourceTree = "<group>"; };
		51CF899D1A0567E9001E612E /* RMTileSource.h */ = {isa = PBXFileReference; fileEncoding = 4; lastKnownFileType = sourcecode.c.h; path = RMTileSource.h; sourceTree = "<group>"; };
		51CF899E1A0567E9001E612E /* RMTileSourcesContainer.h */ = {isa = PBXFileReference; fileEncoding = 4; lastKnownFileType = sourcecode.c.h; path = RMTileSourcesContainer.h; sourceTree = "<group>"; };
		51CF899F1A0567E9001E612E /* RMUserLocation.h */ = {isa = PBXFileReference; fileEncoding = 4; lastKnownFileType = sourcecode.c.h; path = RMUserLocation.h; sourceTree = "<group>"; };
		51CF89A01A0567E9001E612E /* RMUserTrackingBarButtonItem.h */ = {isa = PBXFileReference; fileEncoding = 4; lastKnownFileType = sourcecode.c.h; path = RMUserTrackingBarButtonItem.h; sourceTree = "<group>"; };
		51CF89A11A0567EE001E612E /* libMapbox.a */ = {isa = PBXFileReference; lastKnownFileType = archive.ar; path = libMapbox.a; sourceTree = "<group>"; };
		51CF89A31A0567F2001E612E /* Mapbox.bundle */ = {isa = PBXFileReference; lastKnownFileType = "wrapper.plug-in"; path = Mapbox.bundle; sourceTree = "<group>"; };
		51D4D2241A06204C003C6014 /* Widdewiddewiddbummbumm.mp3 */ = {isa = PBXFileReference; lastKnownFileType = audio.mp3; path = Widdewiddewiddbummbumm.mp3; sourceTree = "<group>"; };
/* End PBXFileReference section */

/* Begin PBXFrameworksBuildPhase section */
		51C053251A03FC8000A1C15C /* Frameworks */ = {
			isa = PBXFrameworksBuildPhase;
			buildActionMask = 2147483647;
			files = (
				51CF89A21A0567EE001E612E /* libMapbox.a in Frameworks */,
				51CF89581A052115001E612E /* libz.dylib in Frameworks */,
				51CF89561A05210E001E612E /* libsqlite3.dylib in Frameworks */,
				51CF89541A052106001E612E /* UIKit.framework in Frameworks */,
				51CF89521A052101001E612E /* QuartzCore.framework in Frameworks */,
				51CF89501A0520FB001E612E /* Foundation.framework in Frameworks */,
				51CF894E1A0520F6001E612E /* CoreLocation.framework in Frameworks */,
				51CF894C1A0520E9001E612E /* CoreGraphics.framework in Frameworks */,
			);
			runOnlyForDeploymentPostprocessing = 0;
		};
		51C0533E1A03FC8000A1C15C /* Frameworks */ = {
			isa = PBXFrameworksBuildPhase;
			buildActionMask = 2147483647;
			files = (
			);
			runOnlyForDeploymentPostprocessing = 0;
		};
/* End PBXFrameworksBuildPhase section */

/* Begin PBXGroup section */
		51C0531F1A03FC8000A1C15C = {
			isa = PBXGroup;
			children = (
				51D4D2241A06204C003C6014 /* Widdewiddewiddbummbumm.mp3 */,
				51CF895C1A05377F001E612E /* MBFingerTipWindow.h */,
				51CF895D1A05377F001E612E /* MBFingerTipWindow.m */,
				51CF89571A052115001E612E /* libz.dylib */,
				51CF89551A05210E001E612E /* libsqlite3.dylib */,
				51CF89531A052106001E612E /* UIKit.framework */,
				51CF89511A052101001E612E /* QuartzCore.framework */,
				51CF894F1A0520FB001E612E /* Foundation.framework */,
				51CF894D1A0520F6001E612E /* CoreLocation.framework */,
				51CF894B1A0520E9001E612E /* CoreGraphics.framework */,
				51CF890D1A052062001E612E /* Mapbox */,
				51CF87251A041ABA001E612E /* Merzedes Benz World.gpx */,
				51CF87411A04E9A6001E612E /* a.png */,
				51CF87421A04E9A6001E612E /* b.png */,
				51C0532A1A03FC8000A1C15C /* Columbus */,
				51C053441A03FC8000A1C15C /* ColumbusTests */,
				51C053291A03FC8000A1C15C /* Products */,
			);
			sourceTree = "<group>";
		};
		51C053291A03FC8000A1C15C /* Products */ = {
			isa = PBXGroup;
			children = (
				51C053281A03FC8000A1C15C /* Columbus.app */,
				51C053411A03FC8000A1C15C /* ColumbusTests.xctest */,
			);
			name = Products;
			sourceTree = "<group>";
		};
		51C0532A1A03FC8000A1C15C /* Columbus */ = {
			isa = PBXGroup;
			children = (
				51C053511A03FCAD00A1C15C /* AppDelegate.h */,
				51C053521A03FCAD00A1C15C /* AppDelegate.m */,
				51C053531A03FCAD00A1C15C /* MainViewController.h */,
				51C053541A03FCAD00A1C15C /* MainViewController.m */,
				51CF87381A04CD35001E612E /* InstitutionOverviewView.h */,
				51CF87391A04CD35001E612E /* InstitutionOverviewView.m */,
				51CF872D1A043352001E612E /* DetailViewController.h */,
				51CF872E1A043352001E612E /* DetailViewController.m */,
				51CF87271A042B05001E612E /* KarteViewController.h */,
				51CF87281A042B05001E612E /* KarteViewController.m */,
				51CF87451A04F1F9001E612E /* MenuView.h */,
				51CF87461A04F1F9001E612E /* MenuView.m */,
				51CF87301A044342001E612E /* Institution.h */,
				51CF87311A044342001E612E /* Institution.m */,
				51CF87331A044DA5001E612E /* UIImage+ImageEffects.h */,
				51CF87341A044DA5001E612E /* UIImage+ImageEffects.m */,
				51CF873B1A04D7D1001E612E /* SettingsViewController.h */,
				51CF873C1A04D7D1001E612E /* SettingsViewController.m */,
				51CF873E1A04D7DB001E612E /* CircularSliderView.h */,
				51CF873F1A04D7DB001E612E /* CircularSliderView.m */,
				51CF874D1A0516E2001E612E /* LocalDataBase.h */,
				51CF874E1A0516E2001E612E /* LocalDataBase.m */,
				51CF895F1A0538E6001E612E /* AktuellsteListe.h */,
				51CF89601A0538E6001E612E /* AktuellsteListe.m */,
				51CF89651A05660E001E612E /* IP.h */,
				51CF89661A05660E001E612E /* IP.m */,
				51C053381A03FC8000A1C15C /* Images.xcassets */,
				51C0533A1A03FC8000A1C15C /* LaunchScreen.xib */,
				51C0532B1A03FC8000A1C15C /* Supporting Files */,
			);
			path = Columbus;
			sourceTree = "<group>";
		};
		51C0532B1A03FC8000A1C15C /* Supporting Files */ = {
			isa = PBXGroup;
			children = (
				51C0532C1A03FC8000A1C15C /* Info.plist */,
				51C0532D1A03FC8000A1C15C /* main.m */,
			);
			name = "Supporting Files";
			sourceTree = "<group>";
		};
		51C053441A03FC8000A1C15C /* ColumbusTests */ = {
			isa = PBXGroup;
			children = (
				51C053471A03FC8000A1C15C /* ColumbusTests.m */,
				51C053451A03FC8000A1C15C /* Supporting Files */,
			);
			path = ColumbusTests;
			sourceTree = "<group>";
		};
		51C053451A03FC8000A1C15C /* Supporting Files */ = {
			isa = PBXGroup;
			children = (
				51C053461A03FC8000A1C15C /* Info.plist */,
			);
			name = "Supporting Files";
			sourceTree = "<group>";
		};
		51CF890D1A052062001E612E /* Mapbox */ = {
			isa = PBXGroup;
			children = (
				51CF89A31A0567F2001E612E /* Mapbox.bundle */,
				51CF89A11A0567EE001E612E /* libMapbox.a */,
				51CF89681A0567E9001E612E /* Headers */,
			);
			name = Mapbox;
			sourceTree = "<group>";
		};
		51CF89681A0567E9001E612E /* Headers */ = {
			isa = PBXGroup;
			children = (
				51CF89691A0567E9001E612E /* Mapbox.h */,
				51CF896A1A0567E9001E612E /* RMAbstractMercatorTileSource.h */,
				51CF896B1A0567E9001E612E /* RMAbstractWebMapSource.h */,
				51CF896C1A0567E9001E612E /* RMAnnotation.h */,
				51CF896D1A0567E9001E612E /* RMAttributionViewController.h */,
				51CF896E1A0567E9001E612E /* RMBingSource.h */,
				51CF896F1A0567E9001E612E /* RMCacheObject.h */,
				51CF89701A0567E9001E612E /* RMCircle.h */,
				51CF89711A0567E9001E612E /* RMCircleAnnotation.h */,
				51CF89721A0567E9001E612E /* RMCompositeSource.h */,
				51CF89731A0567E9001E612E /* RMConfiguration.h */,
				51CF89741A0567E9001E612E /* RMCoordinateGridSource.h */,
				51CF89751A0567E9001E612E /* RMDatabaseCache.h */,
				51CF89761A0567E9001E612E /* RMDBMapSource.h */,
				51CF89771A0567E9001E612E /* RMFoundation.h */,
				51CF89781A0567E9001E612E /* RMFractalTileProjection.h */,
				51CF89791A0567E9001E612E /* RMGenericMapSource.h */,
				51CF897A1A0567E9001E612E /* RMGlobalConstants.h */,
				51CF897B1A0567E9001E612E /* RMGreatCircleAnnotation.h */,
				51CF897C1A0567E9001E612E /* RMInteractiveSource.h */,
				51CF897D1A0567E9001E612E /* RMLoadingTileView.h */,
				51CF897E1A0567E9001E612E /* RMMapboxSource.h */,
				51CF897F1A0567E9001E612E /* RMMapLayer.h */,
				51CF89801A0567E9001E612E /* RMMapOverlayView.h */,
				51CF89811A0567E9001E612E /* RMMapQuestOpenAerialSource.h */,
				51CF89821A0567E9001E612E /* RMMapQuestOSMSource.h */,
				51CF89831A0567E9001E612E /* RMMapScrollView.h */,
				51CF89841A0567E9001E612E /* RMMapTiledLayerView.h */,
				51CF89851A0567E9001E612E /* RMMapView.h */,
				51CF89861A0567E9001E612E /* RMMapViewDelegate.h */,
				51CF89871A0567E9001E612E /* RMMarker.h */,
				51CF89881A0567E9001E612E /* RMMBTilesSource.h */,
				51CF89891A0567E9001E612E /* RMMemoryCache.h */,
				51CF898A1A0567E9001E612E /* RMNotifications.h */,
				51CF898B1A0567E9001E612E /* RMOpenCycleMapSource.h */,
				51CF898C1A0567E9001E612E /* RMOpenSeaMapLayer.h */,
				51CF898D1A0567E9001E612E /* RMOpenSeaMapSource.h */,
				51CF898E1A0567E9001E612E /* RMOpenStreetMapSource.h */,
				51CF898F1A0567E9001E612E /* RMPixel.h */,
				51CF89901A0567E9001E612E /* RMPointAnnotation.h */,
				51CF89911A0567E9001E612E /* RMPolygonAnnotation.h */,
				51CF89921A0567E9001E612E /* RMPolylineAnnotation.h */,
				51CF89931A0567E9001E612E /* RMProjection.h */,
				51CF89941A0567E9001E612E /* RMQuadTree.h */,
				51CF89951A0567E9001E612E /* RMShape.h */,
				51CF89961A0567E9001E612E /* RMShapeAnnotation.h */,
				51CF89971A0567E9001E612E /* RMStaticMapView.h */,
				51CF89981A0567E9001E612E /* RMTile.h */,
				51CF89991A0567E9001E612E /* RMTileCache.h */,
				51CF899A1A0567E9001E612E /* RMTileCacheDownloadOperation.h */,
				51CF899B1A0567E9001E612E /* RMTileImage.h */,
				51CF899C1A0567E9001E612E /* RMTileMillSource.h */,
				51CF899D1A0567E9001E612E /* RMTileSource.h */,
				51CF899E1A0567E9001E612E /* RMTileSourcesContainer.h */,
				51CF899F1A0567E9001E612E /* RMUserLocation.h */,
				51CF89A01A0567E9001E612E /* RMUserTrackingBarButtonItem.h */,
			);
			path = Headers;
			sourceTree = "<group>";
		};
/* End PBXGroup section */

/* Begin PBXNativeTarget section */
		51C053271A03FC8000A1C15C /* Columbus */ = {
			isa = PBXNativeTarget;
			buildConfigurationList = 51C0534B1A03FC8000A1C15C /* Build configuration list for PBXNativeTarget "Columbus" */;
			buildPhases = (
				51C053241A03FC8000A1C15C /* Sources */,
				51C053251A03FC8000A1C15C /* Frameworks */,
				51C053261A03FC8000A1C15C /* Resources */,
			);
			buildRules = (
			);
			dependencies = (
			);
			name = Columbus;
			productName = Columbus;
			productReference = 51C053281A03FC8000A1C15C /* Columbus.app */;
			productType = "com.apple.product-type.application";
		};
		51C053401A03FC8000A1C15C /* ColumbusTests */ = {
			isa = PBXNativeTarget;
			buildConfigurationList = 51C0534E1A03FC8000A1C15C /* Build configuration list for PBXNativeTarget "ColumbusTests" */;
			buildPhases = (
				51C0533D1A03FC8000A1C15C /* Sources */,
				51C0533E1A03FC8000A1C15C /* Frameworks */,
				51C0533F1A03FC8000A1C15C /* Resources */,
			);
			buildRules = (
			);
			dependencies = (
				51C053431A03FC8000A1C15C /* PBXTargetDependency */,
			);
			name = ColumbusTests;
			productName = ColumbusTests;
			productReference = 51C053411A03FC8000A1C15C /* ColumbusTests.xctest */;
			productType = "com.apple.product-type.bundle.unit-test";
		};
/* End PBXNativeTarget section */

/* Begin PBXProject section */
		51C053201A03FC8000A1C15C /* Project object */ = {
			isa = PBXProject;
			attributes = {
				LastUpgradeCheck = 0610;
				ORGANIZATIONNAME = "Frederik Riedel";
				TargetAttributes = {
					51C053271A03FC8000A1C15C = {
						CreatedOnToolsVersion = 6.1;
						DevelopmentTeam = 52U6XAJSSF;
						SystemCapabilities = {
							com.apple.BackgroundModes = {
								enabled = 1;
							};
						};
					};
					51C053401A03FC8000A1C15C = {
						CreatedOnToolsVersion = 6.1;
						DevelopmentTeam = 52U6XAJSSF;
						TestTargetID = 51C053271A03FC8000A1C15C;
					};
				};
			};
			buildConfigurationList = 51C053231A03FC8000A1C15C /* Build configuration list for PBXProject "Columbus" */;
			compatibilityVersion = "Xcode 3.2";
			developmentRegion = English;
			hasScannedForEncodings = 0;
			knownRegions = (
				en,
				Base,
			);
			mainGroup = 51C0531F1A03FC8000A1C15C;
			productRefGroup = 51C053291A03FC8000A1C15C /* Products */;
			projectDirPath = "";
			projectRoot = "";
			targets = (
				51C053271A03FC8000A1C15C /* Columbus */,
				51C053401A03FC8000A1C15C /* ColumbusTests */,
			);
		};
/* End PBXProject section */

/* Begin PBXResourcesBuildPhase section */
		51C053261A03FC8000A1C15C /* Resources */ = {
			isa = PBXResourcesBuildPhase;
			buildActionMask = 2147483647;
			files = (
				51CF89A41A0567F2001E612E /* Mapbox.bundle in Resources */,
				51CF87261A041ABA001E612E /* Merzedes Benz World.gpx in Resources */,
				51D4D2251A06204C003C6014 /* Widdewiddewiddbummbumm.mp3 in Resources */,
				51CF87441A04E9A6001E612E /* b.png in Resources */,
				51CF87431A04E9A6001E612E /* a.png in Resources */,
				51C0533C1A03FC8000A1C15C /* LaunchScreen.xib in Resources */,
				51C053391A03FC8000A1C15C /* Images.xcassets in Resources */,
			);
			runOnlyForDeploymentPostprocessing = 0;
		};
		51C0533F1A03FC8000A1C15C /* Resources */ = {
			isa = PBXResourcesBuildPhase;
			buildActionMask = 2147483647;
			files = (
			);
			runOnlyForDeploymentPostprocessing = 0;
		};
/* End PBXResourcesBuildPhase section */

/* Begin PBXSourcesBuildPhase section */
		51C053241A03FC8000A1C15C /* Sources */ = {
			isa = PBXSourcesBuildPhase;
			buildActionMask = 2147483647;
			files = (
				51CF87401A04D7DB001E612E /* CircularSliderView.m in Sources */,
				51CF87351A044DA5001E612E /* UIImage+ImageEffects.m in Sources */,
				51C053551A03FCAD00A1C15C /* AppDelegate.m in Sources */,
				51CF873A1A04CD35001E612E /* InstitutionOverviewView.m in Sources */,
				51CF874F1A0516E2001E612E /* LocalDataBase.m in Sources */,
				51CF89671A05660E001E612E /* IP.m in Sources */,
				51CF89611A0538E6001E612E /* AktuellsteListe.m in Sources */,
				51CF895E1A05377F001E612E /* MBFingerTipWindow.m in Sources */,
				51C053561A03FCAD00A1C15C /* MainViewController.m in Sources */,
				51CF87471A04F1F9001E612E /* MenuView.m in Sources */,
				51CF87291A042B05001E612E /* KarteViewController.m in Sources */,
				51CF87321A044342001E612E /* Institution.m in Sources */,
				51CF873D1A04D7D1001E612E /* SettingsViewController.m in Sources */,
				51C0532E1A03FC8000A1C15C /* main.m in Sources */,
				51CF872F1A043352001E612E /* DetailViewController.m in Sources */,
			);
			runOnlyForDeploymentPostprocessing = 0;
		};
		51C0533D1A03FC8000A1C15C /* Sources */ = {
			isa = PBXSourcesBuildPhase;
			buildActionMask = 2147483647;
			files = (
				51C053481A03FC8000A1C15C /* ColumbusTests.m in Sources */,
			);
			runOnlyForDeploymentPostprocessing = 0;
		};
/* End PBXSourcesBuildPhase section */

/* Begin PBXTargetDependency section */
		51C053431A03FC8000A1C15C /* PBXTargetDependency */ = {
			isa = PBXTargetDependency;
			target = 51C053271A03FC8000A1C15C /* Columbus */;
			targetProxy = 51C053421A03FC8000A1C15C /* PBXContainerItemProxy */;
		};
/* End PBXTargetDependency section */

/* Begin PBXVariantGroup section */
		51C0533A1A03FC8000A1C15C /* LaunchScreen.xib */ = {
			isa = PBXVariantGroup;
			children = (
				51C0533B1A03FC8000A1C15C /* Base */,
			);
			name = LaunchScreen.xib;
			sourceTree = "<group>";
		};
/* End PBXVariantGroup section */

/* Begin XCBuildConfiguration section */
		51C053491A03FC8000A1C15C /* Debug */ = {
			isa = XCBuildConfiguration;
			buildSettings = {
				ALWAYS_SEARCH_USER_PATHS = NO;
				CLANG_CXX_LANGUAGE_STANDARD = "gnu++0x";
				CLANG_CXX_LIBRARY = "libc++";
				CLANG_ENABLE_MODULES = YES;
				CLANG_ENABLE_OBJC_ARC = YES;
				CLANG_WARN_BOOL_CONVERSION = YES;
				CLANG_WARN_CONSTANT_CONVERSION = YES;
				CLANG_WARN_DIRECT_OBJC_ISA_USAGE = YES_ERROR;
				CLANG_WARN_EMPTY_BODY = YES;
				CLANG_WARN_ENUM_CONVERSION = YES;
				CLANG_WARN_INT_CONVERSION = YES;
				CLANG_WARN_OBJC_ROOT_CLASS = YES_ERROR;
				CLANG_WARN_UNREACHABLE_CODE = YES;
				CLANG_WARN__DUPLICATE_METHOD_MATCH = YES;
				"CODE_SIGN_IDENTITY[sdk=iphoneos*]" = "iPhone Developer";
				COPY_PHASE_STRIP = NO;
				ENABLE_STRICT_OBJC_MSGSEND = YES;
				GCC_C_LANGUAGE_STANDARD = gnu99;
				GCC_DYNAMIC_NO_PIC = NO;
				GCC_OPTIMIZATION_LEVEL = 0;
				GCC_PREPROCESSOR_DEFINITIONS = (
					"DEBUG=1",
					"$(inherited)",
				);
				GCC_SYMBOLS_PRIVATE_EXTERN = NO;
				GCC_WARN_64_TO_32_BIT_CONVERSION = YES;
				GCC_WARN_ABOUT_RETURN_TYPE = YES_ERROR;
				GCC_WARN_UNDECLARED_SELECTOR = YES;
				GCC_WARN_UNINITIALIZED_AUTOS = YES_AGGRESSIVE;
				GCC_WARN_UNUSED_FUNCTION = YES;
				GCC_WARN_UNUSED_VARIABLE = YES;
				IPHONEOS_DEPLOYMENT_TARGET = 8.1;
				MTL_ENABLE_DEBUG_INFO = YES;
				ONLY_ACTIVE_ARCH = YES;
				SDKROOT = iphoneos;
				TARGETED_DEVICE_FAMILY = "1,2";
			};
			name = Debug;
		};
		51C0534A1A03FC8000A1C15C /* Release */ = {
			isa = XCBuildConfiguration;
			buildSettings = {
				ALWAYS_SEARCH_USER_PATHS = NO;
				CLANG_CXX_LANGUAGE_STANDARD = "gnu++0x";
				CLANG_CXX_LIBRARY = "libc++";
				CLANG_ENABLE_MODULES = YES;
				CLANG_ENABLE_OBJC_ARC = YES;
				CLANG_WARN_BOOL_CONVERSION = YES;
				CLANG_WARN_CONSTANT_CONVERSION = YES;
				CLANG_WARN_DIRECT_OBJC_ISA_USAGE = YES_ERROR;
				CLANG_WARN_EMPTY_BODY = YES;
				CLANG_WARN_ENUM_CONVERSION = YES;
				CLANG_WARN_INT_CONVERSION = YES;
				CLANG_WARN_OBJC_ROOT_CLASS = YES_ERROR;
				CLANG_WARN_UNREACHABLE_CODE = YES;
				CLANG_WARN__DUPLICATE_METHOD_MATCH = YES;
				"CODE_SIGN_IDENTITY[sdk=iphoneos*]" = "iPhone Developer";
				COPY_PHASE_STRIP = YES;
				ENABLE_NS_ASSERTIONS = NO;
				ENABLE_STRICT_OBJC_MSGSEND = YES;
				GCC_C_LANGUAGE_STANDARD = gnu99;
				GCC_WARN_64_TO_32_BIT_CONVERSION = YES;
				GCC_WARN_ABOUT_RETURN_TYPE = YES_ERROR;
				GCC_WARN_UNDECLARED_SELECTOR = YES;
				GCC_WARN_UNINITIALIZED_AUTOS = YES_AGGRESSIVE;
				GCC_WARN_UNUSED_FUNCTION = YES;
				GCC_WARN_UNUSED_VARIABLE = YES;
				IPHONEOS_DEPLOYMENT_TARGET = 8.1;
				MTL_ENABLE_DEBUG_INFO = NO;
				SDKROOT = iphoneos;
				TARGETED_DEVICE_FAMILY = "1,2";
				VALIDATE_PRODUCT = YES;
			};
			name = Release;
		};
		51C0534C1A03FC8000A1C15C /* Debug */ = {
			isa = XCBuildConfiguration;
			buildSettings = {
				ASSETCATALOG_COMPILER_APPICON_NAME = AppIcon;
				CODE_SIGN_IDENTITY = "iPhone Developer";
				INFOPLIST_FILE = Columbus/Info.plist;
				IPHONEOS_DEPLOYMENT_TARGET = 7.0;
				LD_RUNPATH_SEARCH_PATHS = "$(inherited) @executable_path/Frameworks";
				LIBRARY_SEARCH_PATHS = (
					"$(inherited)",
					"$(PROJECT_DIR)",
				);
				OTHER_LDFLAGS = "";
				PRODUCT_NAME = "$(TARGET_NAME)";
				USER_HEADER_SEARCH_PATHS = "";
			};
			name = Debug;
		};
		51C0534D1A03FC8000A1C15C /* Release */ = {
			isa = XCBuildConfiguration;
			buildSettings = {
				ASSETCATALOG_COMPILER_APPICON_NAME = AppIcon;
				CODE_SIGN_IDENTITY = "iPhone Developer";
				INFOPLIST_FILE = Columbus/Info.plist;
				IPHONEOS_DEPLOYMENT_TARGET = 7.0;
				LD_RUNPATH_SEARCH_PATHS = "$(inherited) @executable_path/Frameworks";
				LIBRARY_SEARCH_PATHS = (
					"$(inherited)",
					"$(PROJECT_DIR)",
				);
				OTHER_LDFLAGS = "";
				PRODUCT_NAME = "$(TARGET_NAME)";
				USER_HEADER_SEARCH_PATHS = "";
			};
			name = Release;
		};
		51C0534F1A03FC8000A1C15C /* Debug */ = {
			isa = XCBuildConfiguration;
			buildSettings = {
				BUNDLE_LOADER = "$(TEST_HOST)";
				FRAMEWORK_SEARCH_PATHS = (
					"$(SDKROOT)/Developer/Library/Frameworks",
					"$(inherited)",
				);
				GCC_PREPROCESSOR_DEFINITIONS = (
					"DEBUG=1",
					"$(inherited)",
				);
				INFOPLIST_FILE = ColumbusTests/Info.plist;
				LD_RUNPATH_SEARCH_PATHS = "$(inherited) @executable_path/Frameworks @loader_path/Frameworks";
				PRODUCT_NAME = "$(TARGET_NAME)";
				TEST_HOST = "$(BUILT_PRODUCTS_DIR)/Columbus.app/Columbus";
			};
			name = Debug;
		};
		51C053501A03FC8000A1C15C /* Release */ = {
			isa = XCBuildConfiguration;
			buildSettings = {
				BUNDLE_LOADER = "$(TEST_HOST)";
				FRAMEWORK_SEARCH_PATHS = (
					"$(SDKROOT)/Developer/Library/Frameworks",
					"$(inherited)",
				);
				INFOPLIST_FILE = ColumbusTests/Info.plist;
				LD_RUNPATH_SEARCH_PATHS = "$(inherited) @executable_path/Frameworks @loader_path/Frameworks";
				PRODUCT_NAME = "$(TARGET_NAME)";
				TEST_HOST = "$(BUILT_PRODUCTS_DIR)/Columbus.app/Columbus";
			};
			name = Release;
		};
/* End XCBuildConfiguration section */

/* Begin XCConfigurationList section */
		51C053231A03FC8000A1C15C /* Build configuration list for PBXProject "Columbus" */ = {
			isa = XCConfigurationList;
			buildConfigurations = (
				51C053491A03FC8000A1C15C /* Debug */,
				51C0534A1A03FC8000A1C15C /* Release */,
			);
			defaultConfigurationIsVisible = 0;
			defaultConfigurationName = Release;
		};
		51C0534B1A03FC8000A1C15C /* Build configuration list for PBXNativeTarget "Columbus" */ = {
			isa = XCConfigurationList;
			buildConfigurations = (
				51C0534C1A03FC8000A1C15C /* Debug */,
				51C0534D1A03FC8000A1C15C /* Release */,
			);
			defaultConfigurationIsVisible = 0;
			defaultConfigurationName = Release;
		};
		51C0534E1A03FC8000A1C15C /* Build configuration list for PBXNativeTarget "ColumbusTests" */ = {
			isa = XCConfigurationList;
			buildConfigurations = (
				51C0534F1A03FC8000A1C15C /* Debug */,
				51C053501A03FC8000A1C15C /* Release */,
			);
			defaultConfigurationIsVisible = 0;
			defaultConfigurationName = Release;
		};
/* End XCConfigurationList section */
	};
	rootObject = 51C053201A03FC8000A1C15C /* Project object */;
}
